<?xml version="1.0" encoding="utf-8"?>
<Project ToolsVersion="4.0" xmlns="http://schemas.microsoft.com/developer/msbuild/2003">
  <ItemGroup>
    <ClCompile Include="Alquiler.cpp" />
    <ClCompile Include="Automovil.cpp" />
    <ClCompile Include="Camioneta.cpp" />
    <ClCompile Include="Clientes.cpp" />
    <ClCompile Include="cListaDeriv.cpp" />
    <ClCompile Include="Empresa.cpp" />
    <ClCompile Include="main.cpp" />
    <ClCompile Include="Motocicleta.cpp" />
    <ClCompile Include="Trafic.cpp" />
    <ClCompile Include="Vehiculo.cpp" />
  </ItemGroup>
  <ItemGroup>
    <ClInclude Include="Alquiler.h" />
    <ClInclude Include="Automovil.h" />
    <ClInclude Include="Camioneta.h" />
    <ClInclude Include="Clientes.h" />
    <ClInclude Include="cListaDeriv.h" />
    <ClInclude Include="cListaT.h" />
    <ClInclude Include="Empresa.h" />
    <ClInclude Include="Librerias.h" />
    <ClInclude Include="Motocicleta.h" />
    <ClInclude Include="Trafic.h" />
    <ClInclude Include="Vehiculo.h" />
  </ItemGroup>
</Project>